# THIS IS AN AUTOGENERATED FILE. DO NOT EDIT THIS FILE DIRECTLY.
# yarn lockfile v1


abstract-logging@^1.0.0:
  version "1.0.0"
  resolved "https://registry.npmjs.org/abstract-logging/-/abstract-logging-1.0.0.tgz#8b7deafd310559bc28f77724dd1bb30177278c1b"
  integrity sha1-i33q/TEFWbwo93ck3RuzAXcnjBs=

accept@3.x.x:
  version "3.1.3"
  resolved "https://registry.npmjs.org/accept/-/accept-3.1.3.tgz#29c3e2b3a8f4eedbc2b690e472b9ebbdc7385e87"
  integrity sha512-OgOEAidVEOKPup+Gv2+2wdH2AgVKI9LxsJ4hicdJ6cY0faUuZdZoi56kkXWlHp9qicN1nWQLmW5ZRGk+SBS5xg==
  dependencies:
    boom "7.x.x"
    hoek "6.x.x"

ammo@3.x.x:
  version "3.0.3"
  resolved "https://registry.npmjs.org/ammo/-/ammo-3.0.3.tgz#502aafa9d8bfca264143e226e5f322716e746b0c"
  integrity sha512-vo76VJ44MkUBZL/BzpGXaKzMfroF4ZR6+haRuw9p+eSWfoNaH2AxVc8xmiEPC08jhzJSeM6w7/iMUGet8b4oBQ==
  dependencies:
    hoek "6.x.x"

ansi-styles@^3.2.1:
  version "3.2.1"
  resolved "https://registry.npmjs.org/ansi-styles/-/ansi-styles-3.2.1.tgz#41fbb20243e50b12be0f04b8dedbf07520ce841d"
  integrity sha512-VT0ZI6kZRdTh8YyJw3SMbYm/u+NqfsAxEpWO0Pf9sq8/e94WxxOpPKx9FR1FlyCtOVDNOQ+8ntlqFxiRc+r5qA==
  dependencies:
    color-convert "^1.9.0"

args@^5.0.0:
  version "5.0.1"
  resolved "https://registry.npmjs.org/args/-/args-5.0.1.tgz#4bf298df90a4799a09521362c579278cc2fdd761"
  integrity sha512-1kqmFCFsPffavQFGt8OxJdIcETti99kySRUPMpOhaGjL6mRJn8HFU1OxKY5bMqfZKUwTQc1mZkAjmGYaVOHFtQ==
  dependencies:
    camelcase "5.0.0"
    chalk "2.4.2"
    leven "2.1.0"
    mri "1.1.4"

atomic-sleep@^1.0.0:
  version "1.0.0"
  resolved "https://registry.npmjs.org/atomic-sleep/-/atomic-sleep-1.0.0.tgz#eb85b77a601fc932cfe432c5acd364a9e2c9075b"
  integrity sha512-kNOjDqAh7px0XWNI+4QbzoiR/nTkHAWNud2uvnJquD1/x5a7EQZMJT0AczqK0Qn67oY/TTQ1LbUKajZpp3I9tQ==

b64@4.x.x:
  version "4.1.2"
  resolved "https://registry.npmjs.org/b64/-/b64-4.1.2.tgz#7015372ba8101f7fb18da070717a93c28c8580d8"
  integrity sha512-+GUspBxlH3CJaxMUGUE1EBoWM6RKgWiYwUDal0qdf8m3ArnXNN1KzKVo5HOnE/FSq4HHyWf3TlHLsZI8PKQgrQ==
  dependencies:
    hoek "6.x.x"

big-time@2.x.x:
  version "2.0.1"
  resolved "https://registry.npmjs.org/big-time/-/big-time-2.0.1.tgz#68c7df8dc30f97e953f25a67a76ac9713c16c9de"
  integrity sha1-aMffjcMPl+lT8lpnp2rJcTwWyd4=

boom@7.x.x:
  version "7.3.0"
  resolved "https://registry.npmjs.org/boom/-/boom-7.3.0.tgz#733a6d956d33b0b1999da3fe6c12996950d017b9"
  integrity sha512-Swpoyi2t5+GhOEGw8rEsKvTxFLIDiiKoUc2gsoV6Lyr43LHBIzch3k2MvYUs8RTROrIkVJ3Al0TkaOGjnb+B6A==
  dependencies:
    hoek "6.x.x"

bounce@1.x.x:
  version "1.2.3"
  resolved "https://registry.npmjs.org/bounce/-/bounce-1.2.3.tgz#2b286d36eb21d5f08fe672dd8cd37a109baad121"
  integrity sha512-3G7B8CyBnip5EahCZJjnvQ1HLyArC6P5e+xcolo13BVI9ogFaDOsNMAE7FIWliHtIkYI8/nTRCvCY9tZa3Mu4g==
  dependencies:
    boom "7.x.x"
    hoek "6.x.x"

bourne@1.x.x:
  version "1.1.2"
  resolved "https://registry.npmjs.org/bourne/-/bourne-1.1.2.tgz#e290b5bd7166635632eaf8ef12b006b2d4a75b83"
  integrity sha512-b2dgVkTZhkQirNMohgC00rWfpVqEi9y5tKM1k3JvoNx05ODtfQoPPd4js9CYFQoY0IM8LAmnJulEuWv74zjUOg==

call@5.x.x:
  version "5.0.3"
  resolved "https://registry.npmjs.org/call/-/call-5.0.3.tgz#5dc82c698141c2d45c51a9c3c7e0697f43ac46a2"
  integrity sha512-eX16KHiAYXugbFu6VifstSdwH6aMuWWb4s0qvpq1nR1b+Sf+u68jjttg8ixDBEldPqBi30bDU35OJQWKeTLKxg==
  dependencies:
    boom "7.x.x"
    hoek "6.x.x"

camelcase@5.0.0:
  version "5.0.0"
  resolved "https://registry.npmjs.org/camelcase/-/camelcase-5.0.0.tgz#03295527d58bd3cd4aa75363f35b2e8d97be2f42"
  integrity sha512-faqwZqnWxbxn+F1d399ygeamQNy3lPp/H9H6rNrqYh4FSVCtcY+3cub1MxA8o9mDd55mM8Aghuu/kuyYA6VTsA==

catbox-memory@3.x.x:
  version "3.1.4"
  resolved "https://registry.npmjs.org/catbox-memory/-/catbox-memory-3.1.4.tgz#114fd6da3b2630a5db2ff246db9ff2226148c2b0"
  integrity sha512-1tDnll066au0HXBSDHS/YQ34MQ2omBsmnA9g/jseyq/M3m7UPrajVtPDZK/rXgikSC1dfjo9Pa+kQ1qcyG2d3g==
  dependencies:
    big-time "2.x.x"
    boom "7.x.x"
    hoek "6.x.x"

catbox@10.x.x:
  version "10.0.6"
  resolved "https://registry.npmjs.org/catbox/-/catbox-10.0.6.tgz#d8d8dc3c36c965560539f94245904b229a8af428"
  integrity sha512-gQWCnF/jbHcfwGbQ4FQxyRiAwLRipqWTTXjpq7rTqqdcsnZosFa0L3LsCZcPTF33QIeMMkS7QmFBHt6QdzGPvg==
  dependencies:
    boom "7.x.x"
    hoek "6.x.x"
    joi "14.x.x"

chalk@2.4.2, chalk@^2.3.2:
  version "2.4.2"
  resolved "https://registry.npmjs.org/chalk/-/chalk-2.4.2.tgz#cd42541677a54333cf541a49108c1432b44c9424"
  integrity sha512-Mti+f9lpJNcwF4tWV8/OrTTtF1gZi+f8FqlyAdouralcFWFQWF2+NgCHShjkCb+IFBLq9buZwE1xckQU4peSuQ==
  dependencies:
    ansi-styles "^3.2.1"
    escape-string-regexp "^1.0.5"
    supports-color "^5.3.0"

color-convert@^1.9.0:
  version "1.9.3"
  resolved "https://registry.npmjs.org/color-convert/-/color-convert-1.9.3.tgz#bb71850690e1f136567de629d2d5471deda4c1e8"
  integrity sha512-QfAUtd+vFdAtFQcC8CCyYt1fYWxSqAiK2cSD6zDB8N3cpsEBAvRxp9zOGg6G/SHHJYAT88/az/IuDGALsNVbGg==
  dependencies:
    color-name "1.1.3"

color-name@1.1.3:
  version "1.1.3"
  resolved "https://registry.npmjs.org/color-name/-/color-name-1.1.3.tgz#a7d0558bd89c42f795dd42328f740831ca53bc25"
  integrity sha1-p9BVi9icQveV3UIyj3QIMcpTvCU=

content@4.x.x:
  version "4.0.6"
  resolved "https://registry.npmjs.org/content/-/content-4.0.6.tgz#76ffd96c5cbccf64fe3923cbb9c48b8bc04b273e"
  integrity sha512-lR9ND3dXiMdmsE84K6l02rMdgiBVmtYWu1Vr/gfSGHcIcznBj2QxmSdUgDuNFOA+G9yrb1IIWkZ7aKtB6hDGyA==
  dependencies:
    boom "7.x.x"

cryptiles@4.x.x:
  version "4.1.3"
  resolved "https://registry.npmjs.org/cryptiles/-/cryptiles-4.1.3.tgz#2461d3390ea0b82c643a6ba79f0ed491b0934c25"
  integrity sha512-gT9nyTMSUC1JnziQpPbxKGBbUg8VL7Zn2NB4E1cJYvuXdElHrwxrV9bmltZGDzet45zSDGyYceueke1TjynGzw==
  dependencies:
    boom "7.x.x"

dateformat@^3.0.3:
  version "3.0.3"
  resolved "https://registry.npmjs.org/dateformat/-/dateformat-3.0.3.tgz#a6e37499a4d9a9cf85ef5872044d62901c9889ae"
  integrity sha512-jyCETtSl3VMZMWeRo7iY1FL19ges1t55hMo5yaam4Jrsm5EPL89UQkoQRyiI+Yf4k8r2ZpdngkV8hr1lIdjb3Q==

dotenv@^8.2.0:
  version "8.2.0"
  resolved "https://registry.npmjs.org/dotenv/-/dotenv-8.2.0.tgz#97e619259ada750eea3e4ea3e26bceea5424b16a"
  integrity sha512-8sJ78ElpbDJBHNeBzUbUVLsqKdccaa/BXF1uPTw3GrvQTBgrQrtObr2mUrE38vzYd8cEv+m/JBfDLioYcfXoaw==

end-of-stream@^1.1.0:
  version "1.4.4"
  resolved "https://registry.npmjs.org/end-of-stream/-/end-of-stream-1.4.4.tgz#5ae64a5f45057baf3626ec14da0ca5e4b2431eb0"
  integrity sha512-+uw1inIHVPQoaVuHzRyXd21icM+cnt4CzD5rW+NC1wjOUSTOs+Te7FOv7AhN7vS9x/oIyhLP5PR1H+phQAHu5Q==
  dependencies:
    once "^1.4.0"

escape-string-regexp@^1.0.5:
  version "1.0.5"
  resolved "https://registry.npmjs.org/escape-string-regexp/-/escape-string-regexp-1.0.5.tgz#1b61c0562190a8dff6ae3bb2cf0200ca130b86d4"
  integrity sha1-G2HAViGQqN/2rjuyzwIAyhMLhtQ=

fast-json-parse@^1.0.3:
  version "1.0.3"
  resolved "https://registry.npmjs.org/fast-json-parse/-/fast-json-parse-1.0.3.tgz#43e5c61ee4efa9265633046b770fb682a7577c4d"
  integrity sha512-FRWsaZRWEJ1ESVNbDWmsAlqDk96gPQezzLghafp5J4GUKjbCz3OkAHuZs5TuPEtkbVQERysLp9xv6c24fBm8Aw==

fast-redact@^2.0.0:
  version "2.0.0"
  resolved "https://registry.npmjs.org/fast-redact/-/fast-redact-2.0.0.tgz#17bb8f5e1f56ecf4a38c8455985e5eab4c478431"
  integrity sha512-zxpkULI9W9MNTK2sJ3BpPQrTEXFNESd2X6O1tXMFpK/XM0G5c5Rll2EVYZH2TqI3xRGK/VaJ+eEOt7pnENJpeA==

fast-safe-stringify@^2.0.6, fast-safe-stringify@^2.0.7:
  version "2.0.7"
  resolved "https://registry.npmjs.org/fast-safe-stringify/-/fast-safe-stringify-2.0.7.tgz#124aa885899261f68aedb42a7c080de9da608743"
  integrity sha512-Utm6CdzT+6xsDk2m8S6uL8VHxNwI6Jub+e9NYTcAms28T84pTa25GJQV9j0CY0N1rM8hK4x6grpF2BQf+2qwVA==

flatstr@^1.0.12:
  version "1.0.12"
  resolved "https://registry.npmjs.org/flatstr/-/flatstr-1.0.12.tgz#c2ba6a08173edbb6c9640e3055b95e287ceb5931"
  integrity sha512-4zPxDyhCyiN2wIAtSLI6gc82/EjqZc1onI4Mz/l0pWrAlsSfYH/2ZIcU+e3oA2wDwbzIWNKwa23F8rh6+DRWkw==

hapi-pino@^5.2.0:
  version "5.4.1"
  resolved "https://registry.npmjs.org/hapi-pino/-/hapi-pino-5.4.1.tgz#b4ea582037b924b05e826cb68907295ba9bbe531"
  integrity sha512-Bmt0XtRm5xPRE26bcn4dakgLPyAPyadEI5LF9P4EMP43XDzbxl4wQqwe2uVC463X9txdkwOAjaan3vDTC/guaQ==
  dependencies:
    abstract-logging "^1.0.0"
    hoek "^6.1.2"
    pino "^5.10.1"
    pino-pretty "^2.5.0"

hapi@^17.8.1:
  version "17.8.5"
  resolved "https://registry.npmjs.org/hapi/-/hapi-17.8.5.tgz#31bc23dfd45c9cbc8b417ea2eaecd14694aa150e"
  integrity sha512-+RnMWK/HI3VCvzfy0vO28YycMX19OiY8h9tYaDzjjOJ1eTh/HY2URvhFNkcqxZ1R1uoUdiB+pnjGi9e+vkaPEw==
  dependencies:
    accept "3.x.x"
    ammo "3.x.x"
    boom "7.x.x"
    bounce "1.x.x"
    call "5.x.x"
    catbox "10.x.x"
    catbox-memory "3.x.x"
    heavy "6.x.x"
    hoek "6.x.x"
    joi "14.x.x"
    mimos "4.x.x"
    podium "3.x.x"
    shot "4.x.x"
    somever "2.x.x"
    statehood "6.x.x"
    subtext "6.x.x"
    teamwork "3.x.x"
    topo "3.x.x"

has-flag@^3.0.0:
  version "3.0.0"
  resolved "https://registry.npmjs.org/has-flag/-/has-flag-3.0.0.tgz#b5d454dc2199ae225699f3467e5a07f3b955bafd"
  integrity sha1-tdRU3CGZriJWmfNGfloH87lVuv0=

heavy@6.x.x:
  version "6.1.2"
  resolved "https://registry.npmjs.org/heavy/-/heavy-6.1.2.tgz#e5d56f18170a37b01d4381bc07fece5edc68520b"
  integrity sha512-cJp884bqhiebNcEHydW0g6V1MUGYOXRPw9c7MFiHQnuGxtbWuSZpsbojwb2kxb3AA1/Rfs8CNiV9MMOF8pFRDg==
  dependencies:
    boom "7.x.x"
    hoek "6.x.x"
    joi "14.x.x"

hoek@6.x.x, hoek@^6.1.2:
  version "6.1.3"
  resolved "https://registry.npmjs.org/hoek/-/hoek-6.1.3.tgz#73b7d33952e01fe27a38b0457294b79dd8da242c"
  integrity sha512-YXXAAhmF9zpQbC7LEcREFtXfGq5K1fmd+4PHkBq8NUqmzW3G+Dq10bI/i0KucLRwss3YYFQ0fSfoxBZYiGUqtQ==

inert@^5.1.2:
  version "5.1.3"
  resolved "https://registry.npmjs.org/inert/-/inert-5.1.3.tgz#6adeb32b055b308d9ede9b9626607c7029ac7c67"
  integrity sha512-xLtqTOcJe+/RBaXkH0ZFai91SFj1a27ZXjFLLyiezLGhZCkBvMA+YGe6hNVVA678mb4EudKW35q1hATkxfUvMA==
  dependencies:
    ammo "3.x.x"
    boom "7.x.x"
    bounce "1.x.x"
    hoek "6.x.x"
    joi "14.x.x"
    lru-cache "4.1.x"

inherits@^2.0.3:
  version "2.0.4"
  resolved "https://registry.npmjs.org/inherits/-/inherits-2.0.4.tgz#0fa2c64f932917c3433a0ded55363aae37416b7c"
  integrity sha512-k/vGaX4/Yla3WzyMCvTQOXYeIHvqOKtnqBduzTHpzpQZzAskKMhZ2K+EnBiSM9zGSoIFeMpXKxa4dYeZIQqewQ==

iron@5.x.x:
  version "5.0.6"
  resolved "https://registry.npmjs.org/iron/-/iron-5.0.6.tgz#7121d4a6e3ac2f65e4d02971646fea1995434744"
  integrity sha512-zYUMOSkEXGBdwlV/AXF9zJC0aLuTJUKHkGeYS5I2g225M5i6SrxQyGJGhPgOR8BK1omL6N5i6TcwfsXbP8/Exw==
  dependencies:
    b64 "4.x.x"
    boom "7.x.x"
    cryptiles "4.x.x"
    hoek "6.x.x"

isemail@3.x.x:
  version "3.2.0"
  resolved "https://registry.npmjs.org/isemail/-/isemail-3.2.0.tgz#59310a021931a9fb06bbb51e155ce0b3f236832c"
  integrity sha512-zKqkK+O+dGqevc93KNsbZ/TqTUFd46MwWjYOoMrjIMZ51eU7DtQG3Wmd9SQQT7i7RVnuTPEiYEWHU3MSbxC1Tg==
  dependencies:
    punycode "2.x.x"

jmespath@^0.15.0:
  version "0.15.0"
  resolved "https://registry.npmjs.org/jmespath/-/jmespath-0.15.0.tgz#a3f222a9aae9f966f5d27c796510e28091764217"
  integrity sha1-o/Iiqarp+Wb10nx5ZRDigJF2Qhc=

joi@14.x.x:
  version "14.3.1"
  resolved "https://registry.npmjs.org/joi/-/joi-14.3.1.tgz#164a262ec0b855466e0c35eea2a885ae8b6c703c"
  integrity sha512-LQDdM+pkOrpAn4Lp+neNIFV3axv1Vna3j38bisbQhETPMANYRbFJFUyOZcOClYvM/hppMhGWuKSFEK9vjrB+bQ==
  dependencies:
    hoek "6.x.x"
    isemail "3.x.x"
    topo "3.x.x"

leven@2.1.0:
  version "2.1.0"
  resolved "https://registry.npmjs.org/leven/-/leven-2.1.0.tgz#c2e7a9f772094dee9d34202ae8acce4687875580"
  integrity sha1-wuep93IJTe6dNCAq6KzORoeHVYA=

lru-cache@4.1.x:
  version "4.1.5"
  resolved "https://registry.npmjs.org/lru-cache/-/lru-cache-4.1.5.tgz#8bbe50ea85bed59bc9e33dcab8235ee9bcf443cd"
  integrity sha512-sWZlbEP2OsHNkXrMl5GYk/jKk70MBng6UU4YI/qGDYbgf6YbP4EvmqISbXCoJiRKs+1bSpFHVgQxvJ17F2li5g==
  dependencies:
    pseudomap "^1.0.2"
    yallist "^2.1.2"

mime-db@1.x.x:
  version "1.43.0"
  resolved "https://registry.npmjs.org/mime-db/-/mime-db-1.43.0.tgz#0a12e0502650e473d735535050e7c8f4eb4fae58"
  integrity sha512-+5dsGEEovYbT8UY9yD7eE4XTc4UwJ1jBYlgaQQF38ENsKR3wj/8q8RFZrF9WIZpB2V1ArTVFUva8sAul1NzRzQ==

mimos@4.x.x:
  version "4.0.2"
  resolved "https://registry.npmjs.org/mimos/-/mimos-4.0.2.tgz#f2762d7c60118ce51c2231afa090bc335d21d0f8"
  integrity sha512-5XBsDqBqzSN88XPPH/TFpOalWOjHJM5Z2d3AMx/30iq+qXvYKd/8MPhqBwZDOLtoaIWInR3nLzMQcxfGK9djXA==
  dependencies:
    hoek "6.x.x"
    mime-db "1.x.x"

mri@1.1.4:
  version "1.1.4"
  resolved "https://registry.npmjs.org/mri/-/mri-1.1.4.tgz#7cb1dd1b9b40905f1fac053abe25b6720f44744a"
  integrity sha512-6y7IjGPm8AzlvoUrwAaw1tLnUBudaS3752vcd8JtrpGGQn+rXIe63LFVHm/YMwtqAuh+LJPCFdlLYPWM1nYn6w==

nigel@3.x.x:
  version "3.0.4"
  resolved "https://registry.npmjs.org/nigel/-/nigel-3.0.4.tgz#edcd82f2e9387fe34ba21e3127ae4891547c7945"
  integrity sha512-3SZCCS/duVDGxFpTROHEieC+itDo4UqL9JNUyQJv3rljudQbK6aqus5B4470OxhESPJLN93Qqxg16rH7DUjbfQ==
  dependencies:
    hoek "6.x.x"
    vise "3.x.x"

once@^1.3.1, once@^1.4.0:
  version "1.4.0"
  resolved "https://registry.npmjs.org/once/-/once-1.4.0.tgz#583b1aa775961d4b113ac17d9c50baef9dd76bd1"
  integrity sha1-WDsap3WWHUsROsF9nFC6753Xa9E=
  dependencies:
    wrappy "1"

pez@4.x.x:
  version "4.0.5"
  resolved "https://registry.npmjs.org/pez/-/pez-4.0.5.tgz#a975c49deff330d298d82851b39f81c2710556df"
  integrity sha512-HvL8uiFIlkXbx/qw4B8jKDCWzo7Pnnd65Uvanf9OOCtb20MRcb9gtTVBf9NCnhETif1/nzbDHIjAWC/sUp7LIQ==
  dependencies:
    b64 "4.x.x"
    boom "7.x.x"
    content "4.x.x"
    hoek "6.x.x"
    nigel "3.x.x"

pino-pretty@^2.5.0:
  version "2.6.1"
  resolved "https://registry.npmjs.org/pino-pretty/-/pino-pretty-2.6.1.tgz#b5a8e28137deb1629428931d98c708b51f0e9555"
  integrity sha512-e/CWtKLidqkr7sinfIVVcsfcHgnFVlGvuEfKuuPFnxBo+9dZZsmgF8a9Rj7SYJ5LMZ8YBxNY9Ca46eam4ajKtQ==
  dependencies:
    args "^5.0.0"
    chalk "^2.3.2"
    dateformat "^3.0.3"
    fast-json-parse "^1.0.3"
    fast-safe-stringify "^2.0.6"
    jmespath "^0.15.0"
    pump "^3.0.0"
    readable-stream "^3.0.6"
    split2 "^3.0.0"

pino-std-serializers@^2.4.2:
  version "2.4.2"
  resolved "https://registry.npmjs.org/pino-std-serializers/-/pino-std-serializers-2.4.2.tgz#cb5e3e58c358b26f88969d7e619ae54bdfcc1ae1"
  integrity sha512-WaL504dO8eGs+vrK+j4BuQQq6GLKeCCcHaMB2ItygzVURcL1CycwNEUHTD/lHFHs/NL5qAz2UKrjYWXKSf4aMQ==

pino@^5.10.1:
  version "5.17.0"
  resolved "https://registry.npmjs.org/pino/-/pino-5.17.0.tgz#b9def314e82402154f89a25d76a31f20ca84b4c8"
  integrity sha512-LqrqmRcJz8etUjyV0ddqB6OTUutCgQULPFg2b4dtijRHUsucaAdBgSUW58vY6RFSX+NT8963F+q0tM6lNwGShA==
  dependencies:
    fast-redact "^2.0.0"
    fast-safe-stringify "^2.0.7"
    flatstr "^1.0.12"
    pino-std-serializers "^2.4.2"
    quick-format-unescaped "^3.0.3"
    sonic-boom "^0.7.5"

podium@3.x.x:
  version "3.2.0"
  resolved "https://registry.npmjs.org/podium/-/podium-3.2.0.tgz#2a7c579ddd5408f412d014c9ffac080c41d83477"
  integrity sha512-rbwvxwVkI6gRRlxZQ1zUeafrpGxZ7QPHIheinehAvGATvGIPfWRkaTeWedc5P4YjXJXEV8ZbBxPtglNylF9hjw==
  dependencies:
    hoek "6.x.x"
    joi "14.x.x"

pseudomap@^1.0.2:
  version "1.0.2"
  resolved "https://registry.npmjs.org/pseudomap/-/pseudomap-1.0.2.tgz#f052a28da70e618917ef0a8ac34c1ae5a68286b3"
  integrity sha1-8FKijacOYYkX7wqKw0wa5aaChrM=

pump@^3.0.0:
  version "3.0.0"
  resolved "https://registry.npmjs.org/pump/-/pump-3.0.0.tgz#b4a2116815bde2f4e1ea602354e8c75565107a64"
  integrity sha512-LwZy+p3SFs1Pytd/jYct4wpv49HiYCqd9Rlc5ZVdk0V+8Yzv6jR5Blk3TRmPL1ft69TxP0IMZGJ+WPFU2BFhww==
  dependencies:
    end-of-stream "^1.1.0"
    once "^1.3.1"

punycode@2.x.x:
  version "2.1.1"
  resolved "https://registry.npmjs.org/punycode/-/punycode-2.1.1.tgz#b58b010ac40c22c5657616c8d2c2c02c7bf479ec"
  integrity sha512-XRsRjdf+j5ml+y/6GKHPZbrF/8p2Yga0JPtdqTIY2Xe5ohJPD9saDJJLPvp9+NSBprVvevdXZybnj2cv8OEd0A==

quick-format-unescaped@^3.0.3:
  version "3.0.3"
  resolved "https://registry.npmjs.org/quick-format-unescaped/-/quick-format-unescaped-3.0.3.tgz#fb3e468ac64c01d22305806c39f121ddac0d1fb9"
  integrity sha512-dy1yjycmn9blucmJLXOfZDx1ikZJUi6E8bBZLnhPG5gBrVhHXx2xVyqqgKBubVNEXmx51dBACMHpoMQK/N/AXQ==

readable-stream@^3.0.0, readable-stream@^3.0.6:
  version "3.6.0"
  resolved "https://registry.npmjs.org/readable-stream/-/readable-stream-3.6.0.tgz#337bbda3adc0706bd3e024426a286d4b4b2c9198"
  integrity sha512-BViHy7LKeTz4oNnkcLJ+lVSL6vpiFeX6/d3oSH8zCW7UxP2onchk+vTGB143xuFjHS3deTgkKoXXymXqymiIdA==
  dependencies:
    inherits "^2.0.3"
    string_decoder "^1.1.1"
    util-deprecate "^1.0.1"

safe-buffer@~5.2.0:
  version "5.2.0"
  resolved "https://registry.npmjs.org/safe-buffer/-/safe-buffer-5.2.0.tgz#b74daec49b1148f88c64b68d49b1e815c1f2f519"
  integrity sha512-fZEwUGbVl7kouZs1jCdMLdt95hdIv0ZeHg6L7qPeciMZhZ+/gdesW4wgTARkrFWEpspjEATAzUGPG8N2jJiwbg==

shot@4.x.x:
  version "4.0.7"
  resolved "https://registry.npmjs.org/shot/-/shot-4.0.7.tgz#b05d2858634fedc18ece99e8f638fab7c9f9d4c4"
  integrity sha512-RKaKAGKxJ11EjJl0cf2fYVSsd4KB5Cncb9J0v7w+0iIaXpxNqFWTYNDNhBX7f0XSyDrjOH9a4OWZ9Gp/ZML+ew==
  dependencies:
    hoek "6.x.x"
    joi "14.x.x"

somever@2.x.x:
  version "2.0.0"
  resolved "https://registry.npmjs.org/somever/-/somever-2.0.0.tgz#7bdbed3bee8ece2c7c8a2e7d9a1c022bd98d6c89"
  integrity sha512-9JaIPP+HxwYGqCDqqK3tRaTqdtQHoK6Qy3IrXhIt2q5x8fs8RcfU7BMWlFTCOgFazK8p88zIv1tHQXvAwtXMyw==
  dependencies:
    bounce "1.x.x"
    hoek "6.x.x"

sonic-boom@^0.7.5:
  version "0.7.7"
  resolved "https://registry.npmjs.org/sonic-boom/-/sonic-boom-0.7.7.tgz#d921de887428208bfa07b0ae32c278de043f350a"
  integrity sha512-Ei5YOo5J64GKClHIL/5evJPgASXFVpfVYbJV9PILZQytTK6/LCwHvsZJW2Ig4p9FMC2OrBrMnXKgRN/OEoAWfg==
  dependencies:
    atomic-sleep "^1.0.0"
    flatstr "^1.0.12"

split2@^3.0.0:
  version "3.1.1"
  resolved "https://registry.npmjs.org/split2/-/split2-3.1.1.tgz#c51f18f3e06a8c4469aaab487687d8d956160bb6"
  integrity sha512-emNzr1s7ruq4N+1993yht631/JH+jaj0NYBosuKmLcq+JkGQ9MmTw1RB1fGaTCzUuseRIClrlSLHRNYGwWQ58Q==
  dependencies:
    readable-stream "^3.0.0"

statehood@6.x.x:
  version "6.0.9"
  resolved "https://registry.npmjs.org/statehood/-/statehood-6.0.9.tgz#b347ae19818aec7fc26645fe1ec6a61928a57a3c"
  integrity sha512-jbFg1+MYEqfC7ABAoWZoeF4cQUtp3LUvMDUGExL76cMmleBHG7I6xlZFsE8hRi7nEySIvutHmVlLmBe9+2R5LQ==
  dependencies:
    boom "7.x.x"
    bounce "1.x.x"
    bourne "1.x.x"
    cryptiles "4.x.x"
    hoek "6.x.x"
    iron "5.x.x"
    joi "14.x.x"

string_decoder@^1.1.1:
  version "1.3.0"
  resolved "https://registry.npmjs.org/string_decoder/-/string_decoder-1.3.0.tgz#42f114594a46cf1a8e30b0a84f56c78c3edac21e"
  integrity sha512-hkRX8U1WjJFd8LsDJ2yQ/wWWxaopEsABU1XfkM8A+j0+85JAGppt16cr1Whg6KIbb4okU6Mql6BOj+uup/wKeA==
  dependencies:
    safe-buffer "~5.2.0"

subtext@6.x.x:
  version "6.0.12"
  resolved "https://registry.npmjs.org/subtext/-/subtext-6.0.12.tgz#ac09be3eac1eca3396933adeadd65fc781f64fc1"
  integrity sha512-yT1wCDWVgqvL9BIkWzWqgj5spUSYo/Enu09iUV8t2ZvHcr2tKGTGg2kc9tUpVEsdhp1ihsZeTAiDqh0TQciTPQ==
  dependencies:
    boom "7.x.x"
    bourne "1.x.x"
    content "4.x.x"
    hoek "6.x.x"
    pez "4.x.x"
    wreck "14.x.x"

supports-color@^5.3.0:
  version "5.5.0"
  resolved "https://registry.npmjs.org/supports-color/-/supports-color-5.5.0.tgz#e2e69a44ac8772f78a1ec0b35b689df6530efc8f"
  integrity sha512-QjVjwdXIt408MIiAqCX4oUKsgU2EqAGzs2Ppkm4aQYbjm+ZEWEcW4SfFNTr4uMNZma0ey4f5lgLrkB0aX0QMow==
  dependencies:
    has-flag "^3.0.0"

teamwork@3.x.x:
  version "3.2.0"
  resolved "https://registry.npmjs.org/teamwork/-/teamwork-3.2.0.tgz#27916edab815459c1a4686252eb18fb5925f49fa"
  integrity sha512-xAmJ8PIVjRZMXAHgUuOP8ITsv0SedyWAit2UWiNImXgg/F+BxrsG46ZegElNBM0Dwp+iMfbigg/Ll/M2oDRYww==

topo@3.x.x:
  version "3.0.3"
  resolved "https://registry.npmjs.org/topo/-/topo-3.0.3.tgz#d5a67fb2e69307ebeeb08402ec2a2a6f5f7ad95c"
  integrity sha512-IgpPtvD4kjrJ7CRA3ov2FhWQADwv+Tdqbsf1ZnPUSAtCJ9e1Z44MmoSGDXGk4IppoZA7jd/QRkNddlLJWlUZsQ==
  dependencies:
    hoek "6.x.x"

util-deprecate@^1.0.1:
  version "1.0.2"
  resolved "https://registry.npmjs.org/util-deprecate/-/util-deprecate-1.0.2.tgz#450d4dc9fa70de732762fbd2d4a28981419a0ccf"
  integrity sha1-RQ1Nyfpw3nMnYvvS1KKJgUGaDM8=

vise@3.x.x:
  version "3.0.2"
  resolved "https://registry.npmjs.org/vise/-/vise-3.0.2.tgz#9a8b7450f783aa776faa327fe47d7bfddb227266"
  integrity sha512-X52VtdRQbSBXdjcazRiY3eRgV3vTQ0B+7Wh8uC9cVv7lKfML5m9+9NHlbcgCY0R9EAqD1v/v7o9mhGh2A3ANFg==
  dependencies:
    hoek "6.x.x"

wrappy@1:
  version "1.0.2"
  resolved "https://registry.npmjs.org/wrappy/-/wrappy-1.0.2.tgz#b5243d8f3ec1aa35f1364605bc0d1036e30ab69f"
  integrity sha1-tSQ9jz7BqjXxNkYFvA0QNuMKtp8=

wreck@14.x.x:
  version "14.2.0"
  resolved "https://registry.npmjs.org/wreck/-/wreck-14.2.0.tgz#0064a5b930fc675f57830c1fd28342da1a70b0fc"
  integrity sha512-NFFft3SMgqrJbXEVfYifh+QDWFxni+98/I7ut7rLbz3F0XOypluHsdo3mdEYssGSirMobM3fGlqhyikbWKDn2Q==
  dependencies:
    boom "7.x.x"
    bourne "1.x.x"
    hoek "6.x.x"

yallist@^2.1.2:
  version "2.1.2"
  resolved "https://registry.npmjs.org/yallist/-/yallist-2.1.2.tgz#1c11f9218f076089a47dd512f93c6699a6a81d52"
  integrity sha1-HBH5IY8HYImkfdUS+TxmmaaoHVI=
